
Microsoft Visual Studio Solution File, Format Version 12.00
# Visual Studio Version 16
VisualStudioVersion = 16.0.30717.126
MinimumVisualStudioVersion = 10.0.40219.1
Project("{FAE04EC0-301F-11D3-BF4B-00C04F79EFBC}") = "Cocktails", "Cocktails_\Cocktails.csproj", "{91F7C271-4AC5-4C7C-95E3-A566A7B82AA9}"
EndProject
Global
	GlobalSection(SolutionConfigurationPlatforms) = preSolution
		Debug|Any CPU = Debug|Any CPU
		Release|Any CPU = Release|Any CPU
	EndGlobalSection
	GlobalSection(ProjectConfigurationPlatforms) = postSolution
		{91F7C271-4AC5-4C7C-95E3-A566A7B82AA9}.Debug|Any CPU.ActiveCfg = Debug|Any CPU
		{91F7C271-4AC5-4C7C-95E3-A566A7B82AA9}.Debug|Any CPU.Build.0 = Debug|Any CPU
		{91F7C271-4AC5-4C7C-95E3-A566A7B82AA9}.Release|Any CPU.ActiveCfg = Release|Any CPU
		{91F7C271-4AC5-4C7C-95E3-A566A7B82AA9}.Release|Any CPU.Build.0 = Release|Any CPU
	EndGlobalSection
	GlobalSection(SolutionProperties) = preSolution
		HideSolutionNode = FALSE
	EndGlobalSection
	GlobalSection(ExtensibilityGlobals) = postSolution
		SolutionGuid = {B98FB5BA-A0FF-4D8A-BA22-B5A65344C4C3}
	EndGlobalSection
EndGlobal
